
Microsoft Visual Studio Solution File, Format Version 12.00
# Visual Studio Version 17
VisualStudioVersion = 17.2.32505.173
MinimumVisualStudioVersion = 10.0.40219.1
Project("{8BC9CEB8-8B4A-11D0-8D11-00A0C91BC942}") = "WoW test", "WoW test\WoW test.vcxproj", "{CA1EB6E4-EEBF-4BA5-950E-0264F4FC61B6}"
EndProject
Global
	GlobalSection(SolutionConfigurationPlatforms) = preSolution
		Debug|x64 = Debug|x64
		Debug|x86 = Debug|x86
		Release|x64 = Release|x64
		Release|x86 = Release|x86
	EndGlobalSection
	GlobalSection(ProjectConfigurationPlatforms) = postSolution
		{CA1EB6E4-EEBF-4BA5-950E-0264F4FC61B6}.Debug|x64.ActiveCfg = Debug|x64
		{CA1EB6E4-EEBF-4BA5-950E-0264F4FC61B6}.Debug|x64.Build.0 = Debug|x64
		{CA1EB6E4-EEBF-4BA5-950E-0264F4FC61B6}.Debug|x86.ActiveCfg = Debug|Win32
		{CA1EB6E4-EEBF-4BA5-950E-0264F4FC61B6}.Debug|x86.Build.0 = Debug|Win32
		{CA1EB6E4-EEBF-4BA5-950E-0264F4FC61B6}.Release|x64.ActiveCfg = Release|x64
		{CA1EB6E4-EEBF-4BA5-950E-0264F4FC61B6}.Release|x64.Build.0 = Release|x64
		{CA1EB6E4-EEBF-4BA5-950E-0264F4FC61B6}.Release|x86.ActiveCfg = Release|Win32
		{CA1EB6E4-EEBF-4BA5-950E-0264F4FC61B6}.Release|x86.Build.0 = Release|Win32
	EndGlobalSection
	GlobalSection(SolutionProperties) = preSolution
		HideSolutionNode = FALSE
	EndGlobalSection
	GlobalSection(ExtensibilityGlobals) = postSolution
		SolutionGuid = {DE76F3F7-6A79-4B78-995E-597B615321F6}
	EndGlobalSection
EndGlobal
